
Microsoft Visual Studio Solution File, Format Version 12.00
# Visual Studio Version 17
VisualStudioVersion = 17.0.31903.59
MinimumVisualStudioVersion = 10.0.40219.1
Project("{9A19103F-16F7-4668-BE54-9A1E7A4F7556}") = "FunBooksAndVideosForShawBrook", "FunBooksAndVideosForShawBrook\FunBooksAndVideosForShawBrook.csproj", "{2B5AB1DA-EE6C-46B6-AFFF-DC9CE499321B}"
EndProject
Project("{FAE04EC0-301F-11D3-BF4B-00C04F79EFBC}") = "FunBooksAndVideosForShawBrook.Tests", "FunBooksAndVideosForShawBrook.Tests\FunBooksAndVideosForShawBrook.Tests.csproj", "{BCEDDC7B-AB49-4A21-B32C-B051C3413851}"
EndProject
Global
	GlobalSection(SolutionConfigurationPlatforms) = preSolution
		Debug|Any CPU = Debug|Any CPU
		Release|Any CPU = Release|Any CPU
	EndGlobalSection
	GlobalSection(SolutionProperties) = preSolution
		HideSolutionNode = FALSE
	EndGlobalSection
	GlobalSection(ExtensibilityGlobals) = postSolution
		SolutionGuid = {D7398FF6-BCCD-4BCB-947F-F0755BC70F76}
	EndGlobalSection
EndGlobal